
Microsoft Visual Studio Solution File, Format Version 12.00
# Visual Studio 15
VisualStudioVersion = 15.0.26228.4
MinimumVisualStudioVersion = 10.0.40219.1
Project("{2150E333-8FDC-42A3-9474-1A3956D46DE8}") = "src", "src", "{4C7ABA2B-6A7D-46E4-9454-F262F2E8BCA7}"
EndProject
Project("{2150E333-8FDC-42A3-9474-1A3956D46DE8}") = "Solution Items", "Solution Items", "{8565BC2E-DBB1-4E37-A873-07D3ABDD8247}"
EndProject
Project("{9A19103F-16F7-4668-BE54-9A1E7A4F7556}") = "cloudscribe.Web.SimpleAuth", "src\cloudscribe.Web.SimpleAuth\cloudscribe.Web.SimpleAuth.csproj", "{754228FB-2122-4D86-81EB-774D7E713B9F}"
EndProject
Project("{9A19103F-16F7-4668-BE54-9A1E7A4F7556}") = "example.WebApp", "src\example.WebApp\example.WebApp.csproj", "{40178A22-F205-4FCD-8774-0A2535690872}"
EndProject
Global
	GlobalSection(SolutionConfigurationPlatforms) = preSolution
		Debug|Any CPU = Debug|Any CPU
		Release|Any CPU = Release|Any CPU
	EndGlobalSection
	GlobalSection(ProjectConfigurationPlatforms) = postSolution
		{754228FB-2122-4D86-81EB-774D7E713B9F}.Debug|Any CPU.ActiveCfg = Debug|Any CPU
		{754228FB-2122-4D86-81EB-774D7E713B9F}.Debug|Any CPU.Build.0 = Debug|Any CPU
		{754228FB-2122-4D86-81EB-774D7E713B9F}.Release|Any CPU.ActiveCfg = Release|Any CPU
		{754228FB-2122-4D86-81EB-774D7E713B9F}.Release|Any CPU.Build.0 = Release|Any CPU
		{40178A22-F205-4FCD-8774-0A2535690872}.Debug|Any CPU.ActiveCfg = Debug|Any CPU
		{40178A22-F205-4FCD-8774-0A2535690872}.Debug|Any CPU.Build.0 = Debug|Any CPU
		{40178A22-F205-4FCD-8774-0A2535690872}.Release|Any CPU.ActiveCfg = Release|Any CPU
		{40178A22-F205-4FCD-8774-0A2535690872}.Release|Any CPU.Build.0 = Release|Any CPU
	EndGlobalSection
	GlobalSection(SolutionProperties) = preSolution
		HideSolutionNode = FALSE
	EndGlobalSection
	GlobalSection(NestedProjects) = preSolution
		{754228FB-2122-4D86-81EB-774D7E713B9F} = {4C7ABA2B-6A7D-46E4-9454-F262F2E8BCA7}
		{40178A22-F205-4FCD-8774-0A2535690872} = {4C7ABA2B-6A7D-46E4-9454-F262F2E8BCA7}
	EndGlobalSection
EndGlobal
